
Microsoft Visual Studio Solution File, Format Version 12.00
# Visual Studio Version 17
VisualStudioVersion = 17.8.34316.72
MinimumVisualStudioVersion = 10.0.40219.1
Project("{FAE04EC0-301F-11D3-BF4B-00C04F79EFBC}") = "CharmFinalAPI", "CharmFinalAPI.csproj", "{D9C47FE7-65C1-4573-8532-564D0FD22124}"
EndProject
Global
	GlobalSection(SolutionConfigurationPlatforms) = preSolution
		Debug|Any CPU = Debug|Any CPU
		Release|Any CPU = Release|Any CPU
	EndGlobalSection
	GlobalSection(ProjectConfigurationPlatforms) = postSolution
		{D9C47FE7-65C1-4573-8532-564D0FD22124}.Debug|Any CPU.ActiveCfg = Debug|Any CPU
		{D9C47FE7-65C1-4573-8532-564D0FD22124}.Debug|Any CPU.Build.0 = Debug|Any CPU
		{D9C47FE7-65C1-4573-8532-564D0FD22124}.Release|Any CPU.ActiveCfg = Release|Any CPU
		{D9C47FE7-65C1-4573-8532-564D0FD22124}.Release|Any CPU.Build.0 = Release|Any CPU
	EndGlobalSection
	GlobalSection(SolutionProperties) = preSolution
		HideSolutionNode = FALSE
	EndGlobalSection
	GlobalSection(ExtensibilityGlobals) = postSolution
		SolutionGuid = {19F28E22-115E-4135-82E6-46F75D99FF2F}
	EndGlobalSection
EndGlobal
